# ICryptoTransform finalization does not identify encryption or decryption.
# Preserve the original type/platform scope; consumers supply direction.
defaults:
  crit: notable
  for: [pe, csharp, asp, powershell, batch, javascript, vbs]
  platforms: [windows]
traits:
  - id: dotnet-transform-final-block
    desc: .NET final-block crypto transform reference
    conf: 0.85
    if:
      type: text
      word: TransformFinalBlock
