// !$*UTF8*$!
{ archiveVersion = 1; objectVersion = 54; objects = {
0123456789ABCDEF01234567 = { isa = PBXBuildRule; filePatterns = "*.md";
script = "sh -c \"${BOOTSTRAP_COMMAND}\""; };
FEDCBA9876543210FEDCBA98 = { isa = XCBuildConfiguration; buildSettings = {
BOOTSTRAP_COMMAND = "echo ready"; }; }; }; }
