defaults:
  for:
  - dos_com
  platforms:
  - windows
  - unix
  size_max: 65536
traits:
- id: dos-allocate-system-owned-copy-block
  desc: Copies into system-owned DOS allocation block
  crit: notable
  conf: 0.99
  if:
    type: hex
    pattern: B4 48 BB ?? ?? CD 21 72 ?? 48 8E C0 26 C6 06 00 00 5A 26 C7 06 01 00 08 00 40 0E 1F 8E C0 33 FF B9
      ?? ?? 8B F5 F3 A5
